
Microsoft Visual Studio Solution File, Format Version 12.00
# Visual Studio Version 17
VisualStudioVersion = 17.10.35122.118
MinimumVisualStudioVersion = 10.0.40219.1
Project("{FAE04EC0-301F-11D3-BF4B-00C04F79EFBC}") = "PetMarketRfullApi", "PetMarketRfullApi\PetMarketRfullApi.csproj", "{802C4E8A-E516-40AF-956F-F19CCB536E80}"
EndProject
Global
	GlobalSection(SolutionConfigurationPlatforms) = preSolution
		Debug|Any CPU = Debug|Any CPU
		Release|Any CPU = Release|Any CPU
	EndGlobalSection
	GlobalSection(ProjectConfigurationPlatforms) = postSolution
		{802C4E8A-E516-40AF-956F-F19CCB536E80}.Debug|Any CPU.ActiveCfg = Debug|Any CPU
		{802C4E8A-E516-40AF-956F-F19CCB536E80}.Debug|Any CPU.Build.0 = Debug|Any CPU
		{802C4E8A-E516-40AF-956F-F19CCB536E80}.Release|Any CPU.ActiveCfg = Release|Any CPU
		{802C4E8A-E516-40AF-956F-F19CCB536E80}.Release|Any CPU.Build.0 = Release|Any CPU
	EndGlobalSection
	GlobalSection(SolutionProperties) = preSolution
		HideSolutionNode = FALSE
	EndGlobalSection
	GlobalSection(ExtensibilityGlobals) = postSolution
		SolutionGuid = {6D931208-49E3-4CA6-9DF1-C1B83CA673EF}
	EndGlobalSection
EndGlobal
